
Microsoft Visual Studio Solution File, Format Version 12.00
# Visual Studio Version 16
VisualStudioVersion = 16.0.31129.286
MinimumVisualStudioVersion = 10.0.40219.1
Project("{FAE04EC0-301F-11D3-BF4B-00C04F79EFBC}") = "h2printer2", "h2printer2\h2printer2.csproj", "{D67A0044-812F-4EDB-B862-68056D13C7F6}"
EndProject
Global
	GlobalSection(SolutionConfigurationPlatforms) = preSolution
		Debug|Any CPU = Debug|Any CPU
		Release|Any CPU = Release|Any CPU
	EndGlobalSection
	GlobalSection(ProjectConfigurationPlatforms) = postSolution
		{D67A0044-812F-4EDB-B862-68056D13C7F6}.Debug|Any CPU.ActiveCfg = Debug|Any CPU
		{D67A0044-812F-4EDB-B862-68056D13C7F6}.Debug|Any CPU.Build.0 = Debug|Any CPU
		{D67A0044-812F-4EDB-B862-68056D13C7F6}.Release|Any CPU.ActiveCfg = Release|Any CPU
		{D67A0044-812F-4EDB-B862-68056D13C7F6}.Release|Any CPU.Build.0 = Release|Any CPU
	EndGlobalSection
	GlobalSection(SolutionProperties) = preSolution
		HideSolutionNode = FALSE
	EndGlobalSection
	GlobalSection(ExtensibilityGlobals) = postSolution
		SolutionGuid = {38A5F4E4-C67C-4CDC-B475-FCC01277C332}
	EndGlobalSection
EndGlobal
